// !$*UTF8*$!
{
	archiveVersion = 1;
	classes = {
	};
	objectVersion = 77;
	objects = {

/* Begin PBXContainerItemProxy section */
		B04C98D92F96977E0011434A /* PBXContainerItemProxy */ = {
			isa = PBXContainerItemProxy;
			containerPortal = B04C98C32F96977B0011434A /* Project object */;
			proxyType = 1;
			remoteGlobalIDString = B04C98CA2F96977B0011434A;
			remoteInfo = "Bible-Cristiana";
		};
		B04C98E32F96977E0011434A /* PBXContainerItemProxy */ = {
			isa = PBXContainerItemProxy;
			containerPortal = B04C98C32F96977B0011434A /* Project object */;
			proxyType = 1;
			remoteGlobalIDString = B04C98CA2F96977B0011434A;
			remoteInfo = "Bible-Cristiana";
		};
/* End PBXContainerItemProxy section */

/* Begin PBXFileReference section */
		B04C98CB2F96977B0011434A /* Bible-Cristiana.app */ = {isa = PBXFileReference; explicitFileType = wrapper.application; includeInIndex = 0; path = "Bible-Cristiana.app"; sourceTree = BUILT_PRODUCTS_DIR; };
		B04C98D82F96977E0011434A /* Bible-CristianaTests.xctest */ = {isa = PBXFileReference; explicitFileType = wrapper.cfbundle; includeInIndex = 0; path = "Bible-CristianaTests.xctest"; sourceTree = BUILT_PRODUCTS_DIR; };
		B04C98E22F96977E0011434A /* Bible-CristianaUITests.xctest */ = {isa = PBXFileReference; explicitFileType = wrapper.cfbundle; includeInIndex = 0; path = "Bible-CristianaUITests.xctest"; sourceTree = BUILT_PRODUCTS_DIR; };
/* End PBXFileReference section */

/* Begin PBXFileSystemSynchronizedRootGroup section */
		B04C98CD2F96977B0011434A /* Bible-Cristiana */ = {
			isa = PBXFileSystemSynchronizedRootGroup;
			path = "Bible-Cristiana";
			sourceTree = "<group>";
		};
		B04C98DB2F96977E0011434A /* Bible-CristianaTests */ = {
			isa = PBXFileSystemSynchronizedRootGroup;
			path = "Bible-CristianaTests";
			sourceTree = "<group>";
		};
		B04C98E52F96977E0011434A /* Bible-CristianaUITests */ = {
			isa = PBXFileSystemSynchronizedRootGroup;
			path = "Bible-CristianaUITests";
			sourceTree = "<group>";
		};
/* End PBXFileSystemSynchronizedRootGroup section */

/* Begin PBXFrameworksBuildPhase section */
		B04C98C82F96977B0011434A /* Frameworks */ = {
			isa = PBXFrameworksBuildPhase;
			buildActionMask = 2147483647;
			files = (
			);
			runOnlyForDeploymentPostprocessing = 0;
		};
		B04C98D52F96977E0011434A /* Frameworks */ = {
			isa = PBXFrameworksBuildPhase;
			buildActionMask = 2147483647;
			files = (
			);
			runOnlyForDeploymentPostprocessing = 0;
		};
		B04C98DF2F96977E0011434A /* Frameworks */ = {
			isa = PBXFrameworksBuildPhase;
			buildActionMask = 2147483647;
			files = (
			);
			runOnlyForDeploymentPostprocessing = 0;
		};
/* End PBXFrameworksBuildPhase section */

/* Begin PBXGroup section */
		B04C98C22F96977B0011434A = {
			isa = PBXGroup;
			children = (
				B04C98CD2F96977B0011434A /* Bible-Cristiana */,
				B04C98DB2F96977E0011434A /* Bible-CristianaTests */,
				B04C98E52F96977E0011434A /* Bible-CristianaUITests */,
				B04C98CC2F96977B0011434A /* Products */,
			);
			sourceTree = "<group>";
		};
		B04C98CC2F96977B0011434A /* Products */ = {
			isa = PBXGroup;
			children = (
				B04C98CB2F96977B0011434A /* Bible-Cristiana.app */,
				B04C98D82F96977E0011434A /* Bible-CristianaTests.xctest */,
				B04C98E22F96977E0011434A /* Bible-CristianaUITests.xctest */,
			);
			name = Products;
			sourceTree = "<group>";
		};
/* End PBXGroup section */

/* Begin PBXNativeTarget section */
		B04C98CA2F96977B0011434A /* Bible-Cristiana */ = {
			isa = PBXNativeTarget;
			buildConfigurationList = B04C98EC2F96977E0011434A /* Build configuration list for PBXNativeTarget "Bible-Cristiana" */;
			buildPhases = (
				B04C98C72F96977B0011434A /* Sources */,
				B04C98C82F96977B0011434A /* Frameworks */,
				B04C98C92F96977B0011434A /* Resources */,
			);
			buildRules = (
			);
			dependencies = (
			);
			fileSystemSynchronizedGroups = (
				B04C98CD2F96977B0011434A /* Bible-Cristiana */,
			);
			name = "Bible-Cristiana";
			packageProductDependencies = (
			);
			productName = "Bible-Cristiana";
			productReference = B04C98CB2F96977B0011434A /* Bible-Cristiana.app */;
			productType = "com.apple.product-type.application";
		};
		B04C98D72F96977E0011434A /* Bible-CristianaTests */ = {
			isa = PBXNativeTarget;
			buildConfigurationList = B04C98EF2F96977E0011434A /* Build configuration list for PBXNativeTarget "Bible-CristianaTests" */;
			buildPhases = (
				B04C98D42F96977E0011434A /* Sources */,
				B04C98D52F96977E0011434A /* Frameworks */,
				B04C98D62F96977E0011434A /* Resources */,
			);
			buildRules = (
			);
			dependencies = (
				B04C98DA2F96977E0011434A /* PBXTargetDependency */,
			);
			fileSystemSynchronizedGroups = (
				B04C98DB2F96977E0011434A /* Bible-CristianaTests */,
			);
			name = "Bible-CristianaTests";
			packageProductDependencies = (
			);
			productName = "Bible-CristianaTests";
			productReference = B04C98D82F96977E0011434A /* Bible-CristianaTests.xctest */;
			productType = "com.apple.product-type.bundle.unit-test";
		};
		B04C98E12F96977E0011434A /* Bible-CristianaUITests */ = {
			isa = PBXNativeTarget;
			buildConfigurationList = B04C98F22F96977E0011434A /* Build configuration list for PBXNativeTarget "Bible-CristianaUITests" */;
			buildPhases = (
				B04C98DE2F96977E0011434A /* Sources */,
				B04C98DF2F96977E0011434A /* Frameworks */,
				B04C98E02F96977E0011434A /* Resources */,
			);
			buildRules = (
			);
			dependencies = (
				B04C98E42F96977E0011434A /* PBXTargetDependency */,
			);
			fileSystemSynchronizedGroups = (
				B04C98E52F96977E0011434A /* Bible-CristianaUITests */,
			);
			name = "Bible-CristianaUITests";
			packageProductDependencies = (
			);
			productName = "Bible-CristianaUITests";
			productReference = B04C98E22F96977E0011434A /* Bible-CristianaUITests.xctest */;
			productType = "com.apple.product-type.bundle.ui-testing";
		};
/* End PBXNativeTarget section */

/* Begin PBXProject section */
		B04C98C32F96977B0011434A /* Project object */ = {
			isa = PBXProject;
			attributes = {
				BuildIndependentTargetsInParallel = 1;
				LastSwiftUpdateCheck = 1640;
				LastUpgradeCheck = 1640;
				TargetAttributes = {
					B04C98CA2F96977B0011434A = {
						CreatedOnToolsVersion = 16.4;
					};
					B04C98D72F96977E0011434A = {
						CreatedOnToolsVersion = 16.4;
						TestTargetID = B04C98CA2F96977B0011434A;
					};
					B04C98E12F96977E0011434A = {
						CreatedOnToolsVersion = 16.4;
						TestTargetID = B04C98CA2F96977B0011434A;
					};
				};
			};
			buildConfigurationList = B04C98C62F96977B0011434A /* Build configuration list for PBXProject "Bible-Cristiana" */;
			developmentRegion = en;
			hasScannedForEncodings = 0;
			knownRegions = (
				en,
				Base,
			);
			mainGroup = B04C98C22F96977B0011434A;
			minimizedProjectReferenceProxies = 1;
			preferredProjectObjectVersion = 77;
			productRefGroup = B04C98CC2F96977B0011434A /* Products */;
			projectDirPath = "";
			projectRoot = "";
			targets = (
				B04C98CA2F96977B0011434A /* Bible-Cristiana */,
				B04C98D72F96977E0011434A /* Bible-CristianaTests */,
				B04C98E12F96977E0011434A /* Bible-CristianaUITests */,
			);
		};
/* End PBXProject section */

/* Begin PBXResourcesBuildPhase section */
		B04C98C92F96977B0011434A /* Resources */ = {
			isa = PBXResourcesBuildPhase;
			buildActionMask = 2147483647;
			files = (
			);
			runOnlyForDeploymentPostprocessing = 0;
		};
		B04C98D62F96977E0011434A /* Resources */ = {
			isa = PBXResourcesBuildPhase;
			buildActionMask = 2147483647;
			files = (
			);
			runOnlyForDeploymentPostprocessing = 0;
		};
		B04C98E02F96977E0011434A /* Resources */ = {
			isa = PBXResourcesBuildPhase;
			buildActionMask = 2147483647;
			files = (
			);
			runOnlyForDeploymentPostprocessing = 0;
		};
/* End PBXResourcesBuildPhase section */

/* Begin PBXSourcesBuildPhase section */
		B04C98C72F96977B0011434A /* Sources */ = {
			isa = PBXSourcesBuildPhase;
			buildActionMask = 2147483647;
			files = (
			);
			runOnlyForDeploymentPostprocessing = 0;
		};
		B04C98D42F96977E0011434A /* Sources */ = {
			isa = PBXSourcesBuildPhase;
			buildActionMask = 2147483647;
			files = (
			);
			runOnlyForDeploymentPostprocessing = 0;
		};
		B04C98DE2F96977E0011434A /* Sources */ = {
			isa = PBXSourcesBuildPhase;
			buildActionMask = 2147483647;
			files = (
			);
			runOnlyForDeploymentPostprocessing = 0;
		};
/* End PBXSourcesBuildPhase section */

/* Begin PBXTargetDependency section */
		B04C98DA2F96977E0011434A /* PBXTargetDependency */ = {
			isa = PBXTargetDependency;
			target = B04C98CA2F96977B0011434A /* Bible-Cristiana */;
			targetProxy = B04C98D92F96977E0011434A /* PBXContainerItemProxy */;
		};
		B04C98E42F96977E0011434A /* PBXTargetDependency */ = {
			isa = PBXTargetDependency;
			target = B04C98CA2F96977B0011434A /* Bible-Cristiana */;
			targetProxy = B04C98E32F96977E0011434A /* PBXContainerItemProxy */;
		};
/* End PBXTargetDependency section */

/* Begin XCBuildConfiguration section */
		B04C98EA2F96977E0011434A /* Debug */ = {
			isa = XCBuildConfiguration;
			buildSettings = {
				ALWAYS_SEARCH_USER_PATHS = NO;
				ASSETCATALOG_COMPILER_GENERATE_SWIFT_ASSET_SYMBOL_EXTENSIONS = YES;
				CLANG_ANALYZER_NONNULL = YES;
				CLANG_ANALYZER_NUMBER_OBJECT_CONVERSION = YES_AGGRESSIVE;
				CLANG_CXX_LANGUAGE_STANDARD = "gnu++20";
				CLANG_ENABLE_MODULES = YES;
				CLANG_ENABLE_OBJC_ARC = YES;
				CLANG_ENABLE_OBJC_WEAK = YES;
				CLANG_WARN_BLOCK_CAPTURE_AUTORELEASING = YES;
				CLANG_WARN_BOOL_CONVERSION = YES;
				CLANG_WARN_COMMA = YES;
				CLANG_WARN_CONSTANT_CONVERSION = YES;
				CLANG_WARN_DEPRECATED_OBJC_IMPLEMENTATIONS = YES;
				CLANG_WARN_DIRECT_OBJC_ISA_USAGE = YES_ERROR;
				CLANG_WARN_DOCUMENTATION_COMMENTS = YES;
				CLANG_WARN_EMPTY_BODY = YES;
				CLANG_WARN_ENUM_CONVERSION = YES;
				CLANG_WARN_INFINITE_RECURSION = YES;
				CLANG_WARN_INT_CONVERSION = YES;
				CLANG_WARN_NON_LITERAL_NULL_CONVERSION = YES;
				CLANG_WARN_OBJC_IMPLICIT_RETAIN_SELF = YES;
				CLANG_WARN_OBJC_LITERAL_CONVERSION = YES;
				CLANG_WARN_OBJC_ROOT_CLASS = YES_ERROR;
				CLANG_WARN_QUOTED_INCLUDE_IN_FRAMEWORK_HEADER = YES;
				CLANG_WARN_RANGE_LOOP_ANALYSIS = YES;
				CLANG_WARN_STRICT_PROTOTYPES = YES;
				CLANG_WARN_SUSPICIOUS_MOVE = YES;
				CLANG_WARN_UNGUARDED_AVAILABILITY = YES_AGGRESSIVE;
				CLANG_WARN_UNREACHABLE_CODE = YES;
				CLANG_WARN__DUPLICATE_METHOD_MATCH = YES;
				COPY_PHASE_STRIP = NO;
				DEBUG_INFORMATION_FORMAT = dwarf;
				ENABLE_STRICT_OBJC_MSGSEND = YES;
				ENABLE_TESTABILITY = YES;
				ENABLE_USER_SCRIPT_SANDBOXING = YES;
				GCC_C_LANGUAGE_STANDARD = gnu17;
				GCC_DYNAMIC_NO_PIC = NO;
				GCC_NO_COMMON_BLOCKS = YES;
				GCC_OPTIMIZATION_LEVEL = 0;
				GCC_PREPROCESSOR_DEFINITIONS = (
					"DEBUG=1",
					"$(inherited)",
				);
				GCC_WARN_64_TO_32_BIT_CONVERSION = YES;
				GCC_WARN_ABOUT_RETURN_TYPE = YES_ERROR;
				GCC_WARN_UNDECLARED_SELECTOR = YES;
				GCC_WARN_UNINITIALIZED_AUTOS = YES_AGGRESSIVE;
				GCC_WARN_UNUSED_FUNCTION = YES;
				GCC_WARN_UNUSED_VARIABLE = YES;
				IPHONEOS_DEPLOYMENT_TARGET = 18.5;
				LOCALIZATION_PREFERS_STRING_CATALOGS = YES;
				MTL_ENABLE_DEBUG_INFO = INCLUDE_SOURCE;
				MTL_FAST_MATH = YES;
				ONLY_ACTIVE_ARCH = YES;
				SDKROOT = iphoneos;
				SWIFT_ACTIVE_COMPILATION_CONDITIONS = "DEBUG $(inherited)";
				SWIFT_OPTIMIZATION_LEVEL = "-Onone";
			};
			name = Debug;
		};
		B04C98EB2F96977E0011434A /* Release */ = {
			isa = XCBuildConfiguration;
			buildSettings = {
				ALWAYS_SEARCH_USER_PATHS = NO;
				ASSETCATALOG_COMPILER_GENERATE_SWIFT_ASSET_SYMBOL_EXTENSIONS = YES;
				CLANG_ANALYZER_NONNULL = YES;
				CLANG_ANALYZER_NUMBER_OBJECT_CONVERSION = YES_AGGRESSIVE;
				CLANG_CXX_LANGUAGE_STANDARD = "gnu++20";
				CLANG_ENABLE_MODULES = YES;
				CLANG_ENABLE_OBJC_ARC = YES;
				CLANG_ENABLE_OBJC_WEAK = YES;
				CLANG_WARN_BLOCK_CAPTURE_AUTORELEASING = YES;
				CLANG_WARN_BOOL_CONVERSION = YES;
				CLANG_WARN_COMMA = YES;
				CLANG_WARN_CONSTANT_CONVERSION = YES;
				CLANG_WARN_DEPRECATED_OBJC_IMPLEMENTATIONS = YES;
				CLANG_WARN_DIRECT_OBJC_ISA_USAGE = YES_ERROR;
				CLANG_WARN_DOCUMENTATION_COMMENTS = YES;
				CLANG_WARN_EMPTY_BODY = YES;
				CLANG_WARN_ENUM_CONVERSION = YES;
				CLANG_WARN_INFINITE_RECURSION = YES;
				CLANG_WARN_INT_CONVERSION = YES;
				CLANG_WARN_NON_LITERAL_NULL_CONVERSION = YES;
				CLANG_WARN_OBJC_IMPLICIT_RETAIN_SELF = YES;
				CLANG_WARN_OBJC_LITERAL_CONVERSION = YES;
				CLANG_WARN_OBJC_ROOT_CLASS = YES_ERROR;
				CLANG_WARN_QUOTED_INCLUDE_IN_FRAMEWORK_HEADER = YES;
				CLANG_WARN_RANGE_LOOP_ANALYSIS = YES;
				CLANG_WARN_STRICT_PROTOTYPES = YES;
				CLANG_WARN_SUSPICIOUS_MOVE = YES;
				CLANG_WARN_UNGUARDED_AVAILABILITY = YES_AGGRESSIVE;
				CLANG_WARN_UNREACHABLE_CODE = YES;
				CLANG_WARN__DUPLICATE_METHOD_MATCH = YES;
				COPY_PHASE_STRIP = NO;
				DEBUG_INFORMATION_FORMAT = "dwarf-with-dsym";
				ENABLE_NS_ASSERTIONS = NO;
				ENABLE_STRICT_OBJC_MSGSEND = YES;
				ENABLE_USER_SCRIPT_SANDBOXING = YES;
				GCC_C_LANGUAGE_STANDARD = gnu17;
				GCC_NO_COMMON_BLOCKS = YES;
				GCC_WARN_64_TO_32_BIT_CONVERSION = YES;
				GCC_WARN_ABOUT_RETURN_TYPE = YES_ERROR;
				GCC_WARN_UNDECLARED_SELECTOR = YES;
				GCC_WARN_UNINITIALIZED_AUTOS = YES_AGGRESSIVE;
				GCC_WARN_UNUSED_FUNCTION = YES;
				GCC_WARN_UNUSED_VARIABLE = YES;
				IPHONEOS_DEPLOYMENT_TARGET = 18.5;
				LOCALIZATION_PREFERS_STRING_CATALOGS = YES;
				MTL_ENABLE_DEBUG_INFO = NO;
				MTL_FAST_MATH = YES;
				SDKROOT = iphoneos;
				SWIFT_COMPILATION_MODE = wholemodule;
				VALIDATE_PRODUCT = YES;
			};
			name = Release;
		};
		B04C98ED2F96977E0011434A /* Debug */ = {
			isa = XCBuildConfiguration;
			buildSettings = {
				ASSETCATALOG_COMPILER_APPICON_NAME = AppIcon;
				ASSETCATALOG_COMPILER_GLOBAL_ACCENT_COLOR_NAME = AccentColor;
				CODE_SIGN_STYLE = Automatic;
				CURRENT_PROJECT_VERSION = 1;
				ENABLE_PREVIEWS = YES;
				GENERATE_INFOPLIST_FILE = YES;
				INFOPLIST_KEY_UIApplicationSceneManifest_Generation = YES;
				INFOPLIST_KEY_UIApplicationSupportsIndirectInputEvents = YES;
				INFOPLIST_KEY_UILaunchScreen_Generation = YES;
				INFOPLIST_KEY_UISupportedInterfaceOrientations_iPad = "UIInterfaceOrientationPortrait UIInterfaceOrientationPortraitUpsideDown UIInterfaceOrientationLandscapeLeft UIInterfaceOrientationLandscapeRight";
				INFOPLIST_KEY_UISupportedInterfaceOrientations_iPhone = "UIInterfaceOrientationPortrait UIInterfaceOrientationLandscapeLeft UIInterfaceOrientationLandscapeRight";
				LD_RUNPATH_SEARCH_PATHS = (
					"$(inherited)",
					"@executable_path/Frameworks",
				);
				MARKETING_VERSION = 1.0;
				PRODUCT_BUNDLE_IDENTIFIER = "com.alfonso.cruz.Bible-Cristiana";
				PRODUCT_NAME = "$(TARGET_NAME)";
				SWIFT_EMIT_LOC_STRINGS = YES;
				SWIFT_VERSION = 5.0;
				TARGETED_DEVICE_FAMILY = "1,2";
			};
			name = Debug;
		};
		B04C98EE2F96977E0011434A /* Release */ = {
			isa = XCBuildConfiguration;
			buildSettings = {
				ASSETCATALOG_COMPILER_APPICON_NAME = AppIcon;
				ASSETCATALOG_COMPILER_GLOBAL_ACCENT_COLOR_NAME = AccentColor;
				CODE_SIGN_STYLE = Automatic;
				CURRENT_PROJECT_VERSION = 1;
				ENABLE_PREVIEWS = YES;
				GENERATE_INFOPLIST_FILE = YES;
				INFOPLIST_KEY_UIApplicationSceneManifest_Generation = YES;
				INFOPLIST_KEY_UIApplicationSupportsIndirectInputEvents = YES;
				INFOPLIST_KEY_UILaunchScreen_Generation = YES;
				INFOPLIST_KEY_UISupportedInterfaceOrientations_iPad = "UIInterfaceOrientationPortrait UIInterfaceOrientationPortraitUpsideDown UIInterfaceOrientationLandscapeLeft UIInterfaceOrientationLandscapeRight";
				INFOPLIST_KEY_UISupportedInterfaceOrientations_iPhone = "UIInterfaceOrientationPortrait UIInterfaceOrientationLandscapeLeft UIInterfaceOrientationLandscapeRight";
				LD_RUNPATH_SEARCH_PATHS = (
					"$(inherited)",
					"@executable_path/Frameworks",
				);
				MARKETING_VERSION = 1.0;
				PRODUCT_BUNDLE_IDENTIFIER = "com.alfonso.cruz.Bible-Cristiana";
				PRODUCT_NAME = "$(TARGET_NAME)";
				SWIFT_EMIT_LOC_STRINGS = YES;
				SWIFT_VERSION = 5.0;
				TARGETED_DEVICE_FAMILY = "1,2";
			};
			name = Release;
		};
		B04C98F02F96977E0011434A /* Debug */ = {
			isa = XCBuildConfiguration;
			buildSettings = {
				BUNDLE_LOADER = "$(TEST_HOST)";
				CODE_SIGN_STYLE = Automatic;
				CURRENT_PROJECT_VERSION = 1;
				GENERATE_INFOPLIST_FILE = YES;
				IPHONEOS_DEPLOYMENT_TARGET = 18.5;
				MARKETING_VERSION = 1.0;
				PRODUCT_BUNDLE_IDENTIFIER = "com.alfonso.cruz.Bible-CristianaTests";
				PRODUCT_NAME = "$(TARGET_NAME)";
				SWIFT_EMIT_LOC_STRINGS = NO;
				SWIFT_VERSION = 5.0;
				TARGETED_DEVICE_FAMILY = "1,2";
				TEST_HOST = "$(BUILT_PRODUCTS_DIR)/Bible-Cristiana.app/$(BUNDLE_EXECUTABLE_FOLDER_PATH)/Bible-Cristiana";
			};
			name = Debug;
		};
		B04C98F12F96977E0011434A /* Release */ = {
			isa = XCBuildConfiguration;
			buildSettings = {
				BUNDLE_LOADER = "$(TEST_HOST)";
				CODE_SIGN_STYLE = Automatic;
				CURRENT_PROJECT_VERSION = 1;
				GENERATE_INFOPLIST_FILE = YES;
				IPHONEOS_DEPLOYMENT_TARGET = 18.5;
				MARKETING_VERSION = 1.0;
				PRODUCT_BUNDLE_IDENTIFIER = "com.alfonso.cruz.Bible-CristianaTests";
				PRODUCT_NAME = "$(TARGET_NAME)";
				SWIFT_EMIT_LOC_STRINGS = NO;
				SWIFT_VERSION = 5.0;
				TARGETED_DEVICE_FAMILY = "1,2";
				TEST_HOST = "$(BUILT_PRODUCTS_DIR)/Bible-Cristiana.app/$(BUNDLE_EXECUTABLE_FOLDER_PATH)/Bible-Cristiana";
			};
			name = Release;
		};
		B04C98F32F96977E0011434A /* Debug */ = {
			isa = XCBuildConfiguration;
			buildSettings = {
				CODE_SIGN_STYLE = Automatic;
				CURRENT_PROJECT_VERSION = 1;
				GENERATE_INFOPLIST_FILE = YES;
				MARKETING_VERSION = 1.0;
				PRODUCT_BUNDLE_IDENTIFIER = "com.alfonso.cruz.Bible-CristianaUITests";
				PRODUCT_NAME = "$(TARGET_NAME)";
				SWIFT_EMIT_LOC_STRINGS = NO;
				SWIFT_VERSION = 5.0;
				TARGETED_DEVICE_FAMILY = "1,2";
				TEST_TARGET_NAME = "Bible-Cristiana";
			};
			name = Debug;
		};
		B04C98F42F96977E0011434A /* Release */ = {
			isa = XCBuildConfiguration;
			buildSettings = {
				CODE_SIGN_STYLE = Automatic;
				CURRENT_PROJECT_VERSION = 1;
				GENERATE_INFOPLIST_FILE = YES;
				MARKETING_VERSION = 1.0;
				PRODUCT_BUNDLE_IDENTIFIER = "com.alfonso.cruz.Bible-CristianaUITests";
				PRODUCT_NAME = "$(TARGET_NAME)";
				SWIFT_EMIT_LOC_STRINGS = NO;
				SWIFT_VERSION = 5.0;
				TARGETED_DEVICE_FAMILY = "1,2";
				TEST_TARGET_NAME = "Bible-Cristiana";
			};
			name = Release;
		};
/* End XCBuildConfiguration section */

/* Begin XCConfigurationList section */
		B04C98C62F96977B0011434A /* Build configuration list for PBXProject "Bible-Cristiana" */ = {
			isa = XCConfigurationList;
			buildConfigurations = (
				B04C98EA2F96977E0011434A /* Debug */,
				B04C98EB2F96977E0011434A /* Release */,
			);
			defaultConfigurationIsVisible = 0;
			defaultConfigurationName = Release;
		};
		B04C98EC2F96977E0011434A /* Build configuration list for PBXNativeTarget "Bible-Cristiana" */ = {
			isa = XCConfigurationList;
			buildConfigurations = (
				B04C98ED2F96977E0011434A /* Debug */,
				B04C98EE2F96977E0011434A /* Release */,
			);
			defaultConfigurationIsVisible = 0;
			defaultConfigurationName = Release;
		};
		B04C98EF2F96977E0011434A /* Build configuration list for PBXNativeTarget "Bible-CristianaTests" */ = {
			isa = XCConfigurationList;
			buildConfigurations = (
				B04C98F02F96977E0011434A /* Debug */,
				B04C98F12F96977E0011434A /* Release */,
			);
			defaultConfigurationIsVisible = 0;
			defaultConfigurationName = Release;
		};
		B04C98F22F96977E0011434A /* Build configuration list for PBXNativeTarget "Bible-CristianaUITests" */ = {
			isa = XCConfigurationList;
			buildConfigurations = (
				B04C98F32F96977E0011434A /* Debug */,
				B04C98F42F96977E0011434A /* Release */,
			);
			defaultConfigurationIsVisible = 0;
			defaultConfigurationName = Release;
		};
/* End XCConfigurationList section */
	};
	rootObject = B04C98C32F96977B0011434A /* Project object */;
}
